{
  "version": "3",
  "packages": {
    "specifiers": {
      "jsr:@deno/cache-dir@0.8": "jsr:@deno/cache-dir@0.8.0",
      "jsr:@deno/graph@^0.69.7": "jsr:@deno/graph@0.69.10",
      "jsr:@std/assert@^0.218.2": "jsr:@std/assert@0.218.2",
      "jsr:@std/bytes@^0.218.2": "jsr:@std/bytes@0.218.2",
      "jsr:@std/fmt@^0.218.2": "jsr:@std/fmt@0.218.2",
      "jsr:@std/fs@^0.218.2": "jsr:@std/fs@0.218.2",
      "jsr:@std/io@^0.218.2": "jsr:@std/io@0.218.2",
      "jsr:@std/path@^0.218.2": "jsr:@std/path@0.218.2",
      "npm:@preact/signals@^1.2.3": "npm:@preact/signals@1.2.3_preact@10.20.2",
      "npm:@types/dom-view-transitions@^1.0.4": "npm:@types/dom-view-transitions@1.0.4",
      "npm:@types/dom-webcodecs@^0.1.11": "npm:@types/dom-webcodecs@0.1.11",
      "npm:@types/node": "npm:@types/node@18.16.19",
      "npm:crunker@^2.4.0": "npm:crunker@2.4.0",
      "npm:effection@3.0.3": "npm:effection@3.0.3",
      "npm:effection@^3.0.3": "npm:effection@3.0.3",
      "npm:grapheme-splitter@^1.0.4": "npm:grapheme-splitter@1.0.4",
      "npm:htm@^3.1.1": "npm:htm@3.1.1",
      "npm:idb@^8.0.0": "npm:idb@8.0.0",
      "npm:preact@^10.20.1": "npm:preact@10.20.2",
      "npm:webm-muxer@^4.0.1": "npm:webm-muxer@4.0.1",
      "npm:wordnet@^2.0.0": "npm:wordnet@2.0.0",
      "npm:zod@^3.23.8": "npm:zod@3.23.8"
    },
    "jsr": {
      "@deno/cache-dir@0.8.0": {
        "integrity": "e87e80a404958f6350d903e6238b72afb92468378b0b32111f7a1e4916ac7fe7",
        "dependencies": [
          "jsr:@deno/graph@^0.69.7",
          "jsr:@std/fmt@^0.218.2",
          "jsr:@std/fs@^0.218.2",
          "jsr:@std/io@^0.218.2",
          "jsr:@std/path@^0.218.2"
        ]
      },
      "@deno/graph@0.69.10": {
        "integrity": "38fe22ac5686f6ece5daeec5a4df65c6314d7d32adcc33f77917a13cfaffa26f"
      },
      "@std/assert@0.218.2": {
        "integrity": "7f0a5a1a8cf86607cd6c2c030584096e1ffad27fc9271429a8cb48cfbdee5eaf"
      },
      "@std/bytes@0.218.2": {
        "integrity": "91fe54b232dcca73856b79a817247f4a651dbb60d51baafafb6408c137241670"
      },
      "@std/fmt@0.218.2": {
        "integrity": "99526449d2505aa758b6cbef81e7dd471d8b28ec0dcb1491d122b284c548788a"
      },
      "@std/fs@0.218.2": {
        "integrity": "dd9431453f7282e8c577cc22c9e6d036055a9a980b5549f887d6012969fabcca"
      },
      "@std/io@0.218.2": {
        "integrity": "c64fbfa087b7c9d4d386c5672f291f607d88cb7d44fc299c20c713e345f2785f",
        "dependencies": [
          "jsr:@std/assert@^0.218.2",
          "jsr:@std/bytes@^0.218.2"
        ]
      },
      "@std/path@0.218.2": {
        "integrity": "b568fd923d9e53ad76d17c513e7310bda8e755a3e825e6289a0ce536404e2662",
        "dependencies": [
          "jsr:@std/assert@^0.218.2"
        ]
      }
    },
    "npm": {
      "@preact/signals-core@1.6.0": {
        "integrity": "sha512-O/XGxwP85h1F7+ouqTMOIZ3+V1whfaV9ToIVcuyGriD4JkSD00cQo54BKdqjvBJxbenvp7ynfqRHEwI6e+NIhw==",
        "dependencies": {}
      },
      "@preact/signals@1.2.3_preact@10.20.2": {
        "integrity": "sha512-M2DXse3Wi8HwjI1d2vQWOLJ3lHogvqTsJYvl4ofXRXgMFQzJ7kmlZvlt5i8x5S5VwgZu0ghru4HkLqOoFfU2JQ==",
        "dependencies": {
          "@preact/signals-core": "@preact/signals-core@1.6.0",
          "preact": "preact@10.20.2"
        }
      },
      "@types/dom-view-transitions@1.0.4": {
        "integrity": "sha512-oDuagM6G+xPLrLU4KeCKlr1oalMF5mJqV5pDPMDVIEaa8AkUW00i6u+5P02XCjdEEUQJC9dpnxqSLsZeAciSLQ==",
        "dependencies": {}
      },
      "@types/dom-webcodecs@0.1.11": {
        "integrity": "sha512-yPEZ3z7EohrmOxbk/QTAa0yonMFkNkjnVXqbGb7D4rMr+F1dGQ8ZUFxXkyLLJuiICPejZ0AZE9Rrk9wUCczx4A==",
        "dependencies": {}
      },
      "@types/node@18.16.19": {
        "integrity": "sha512-IXl7o+R9iti9eBW4Wg2hx1xQDig183jj7YLn8F7udNceyfkbn1ZxmzZXuak20gR40D7pIkIY1kYGx5VIGbaHKA==",
        "dependencies": {}
      },
      "@types/wicg-file-system-access@2020.9.8": {
        "integrity": "sha512-ggMz8nOygG7d/stpH40WVaNvBwuyYLnrg5Mbyf6bmsj/8+gb6Ei4ZZ9/4PNpcPNTT8th9Q8sM8wYmWGjMWLX/A==",
        "dependencies": {}
      },
      "crunker@2.4.0": {
        "integrity": "sha512-3J0aBgLaB8jpGh6o+bisjYzOEkJLYxhnisHXogjY4fxYewh1aVCptWAz7RSTYPncCyxdfA+UaWAM1BrQiZvZgQ==",
        "dependencies": {}
      },
      "effection@3.0.3": {
        "integrity": "sha512-9ASCaJ44flDoEKUUJtn9drfIomn2z30sZUw7//crbq+eltMu09AyILcouXwpMkcHR8TsD5hDvTTsOLHswWRxXQ==",
        "dependencies": {}
      },
      "grapheme-splitter@1.0.4": {
        "integrity": "sha512-bzh50DW9kTPM00T8y4o8vQg89Di9oLJVLW/KaOGIXJWP/iqCN6WKYkbNOF04vFLJhwcpYUh9ydh/+5vpOqV4YQ==",
        "dependencies": {}
      },
      "htm@3.1.1": {
        "integrity": "sha512-983Vyg8NwUE7JkZ6NmOqpCZ+sh1bKv2iYTlUkzlWmA5JD2acKoxd4KVxbMmxX/85mtfdnDmTFoNKcg5DGAvxNQ==",
        "dependencies": {}
      },
      "idb@8.0.0": {
        "integrity": "sha512-l//qvlAKGmQO31Qn7xdzagVPPaHTxXx199MhrAFuVBTPqydcPYBWjkrbv4Y0ktB+GmWOiwHl237UUOrLmQxLvw==",
        "dependencies": {}
      },
      "preact@10.20.2": {
        "integrity": "sha512-S1d1ernz3KQ+Y2awUxKakpfOg2CEmJmwOP+6igPx6dgr6pgDvenqYviyokWso2rhHvGtTlWWnJDa7RaPbQerTg==",
        "dependencies": {}
      },
      "webm-muxer@4.0.1": {
        "integrity": "sha512-qFMWhY9A+nYDGUIxoUT0EmZ2Z3Ls+5jP4zlEYPpppZRUHFFU70Hk2udfPxwdB4xiYnBDiDX8g1IfHXRsn0AwGw==",
        "dependencies": {
          "@types/dom-webcodecs": "@types/dom-webcodecs@0.1.11",
          "@types/wicg-file-system-access": "@types/wicg-file-system-access@2020.9.8"
        }
      },
      "wordnet@2.0.0": {
        "integrity": "sha512-VQOEUBHU6drwXGQx37bVaRqi042IZ8NwJiT9qLtM2x1QzqgIJIRoyZa++rWrUvICK+tYz9ttfYFk1c8IiN6DVQ==",
        "dependencies": {}
      },
      "zod@3.23.8": {
        "integrity": "sha512-XBx9AXhXktjUqnepgTiE5flcKIYWi/rme0Eaj+5Y0lftuGBq+jyRu/md4WnuxqgP1ubdpNCsYEYPxrzVHD8d6g==",
        "dependencies": {}
      }
    }
  },
  "redirects": {
    "https://deno.land/x/deno_dom/deno-dom-wasm.ts": "https://deno.land/x/deno_dom@v0.1.45/deno-dom-wasm.ts",
    "https://deno.land/x/emit/mod.ts": "https://deno.land/x/emit@0.40.0/mod.ts",
    "https://esm.sh/@types/dom-webcodecs/index.d.ts": "https://esm.sh/@types/dom-webcodecs@0.1.11/index.d.ts",
    "https://esm.sh/@types/dom-webcodecs@0.1.11/index.d.ts": "https://esm.sh/v135/@types/dom-webcodecs@0.1.11/index.d.ts",
    "https://esm.sh/v135/@types/he@~1.2/index.d.ts": "https://esm.sh/v135/@types/he@1.2.3/index.d.ts",
    "https://esm.sh/v135/@types/marked@~4.0/index.d.ts": "https://esm.sh/v135/@types/marked@4.0.8/index.d.ts",
    "https://esm.sh/v135/@types/prismjs@~1/index.d.ts": "https://esm.sh/v135/@types/prismjs@1.26.3/index.d.ts",
    "https://esm.sh/v135/@types/remove-markdown@~0/index.d.ts": "https://esm.sh/v135/@types/remove-markdown@0.3.4/index.d.ts",
    "https://esm.sh/v135/@types/sanitize-html@~2/index.d.ts": "https://esm.sh/v135/@types/sanitize-html@2.11.0/index.d.ts"
  },
  "remote": {
    "https://deno.land/std@0.120.0/async/deadline.ts": "1d6ac7aeaee22f75eb86e4e105d6161118aad7b41ae2dd14f4cfd3bf97472b93",
    "https://deno.land/std@0.120.0/async/debounce.ts": "b2f693e4baa16b62793fd618de6c003b63228db50ecfe3bd51fc5f6dc0bc264b",
    "https://deno.land/std@0.120.0/async/deferred.ts": "ab60d46ba561abb3b13c0c8085d05797a384b9f182935f051dc67136817acdee",
    "https://deno.land/std@0.120.0/async/delay.ts": "f2d8ccaa8ebc26594bd8b0989edfd8a96257a714c1dee2fb54d986e5bdd840ac",
    "https://deno.land/std@0.120.0/async/mod.ts": "78425176fabea7bd1046ce3819fd69ce40da85c83e0f174d17e8e224a91f7d10",
    "https://deno.land/std@0.120.0/async/mux_async_iterator.ts": "62abff3af9ff619e8f2adc96fc70d4ca020fa48a50c23c13f12d02ed2b760dbe",
    "https://deno.land/std@0.120.0/async/pool.ts": "353ce4f91865da203a097aa6f33de8966340c91b6f4a055611c8c5d534afd12f",
    "https://deno.land/std@0.120.0/async/tee.ts": "3e9f2ef6b36e55188de16a667c702ace4ad0cf84e3720379160e062bf27348ad",
    "https://deno.land/std@0.120.0/fmt/colors.ts": "8368ddf2d48dfe413ffd04cdbb7ae6a1009cf0dccc9c7ff1d76259d9c61a0621",
    "https://deno.land/std@0.120.0/http/http_status.ts": "2ff185827bff21c7be2807fcb09a6a2166464ba57fcd94afe805abab8e09070a",
    "https://deno.land/std@0.134.0/_util/assert.ts": "e94f2eb37cebd7f199952e242c77654e43333c1ac4c5c700e929ea3aa5489f74",
    "https://deno.land/std@0.134.0/bytes/bytes_list.ts": "67eb118e0b7891d2f389dad4add35856f4ad5faab46318ff99653456c23b025d",
    "https://deno.land/std@0.134.0/bytes/equals.ts": "a60ef9f01fb6e06a4e0343fc44d53d39d12dd66bc3f09ac8e6eb9cc1a6335e48",
    "https://deno.land/std@0.134.0/bytes/mod.ts": "4cef6fe8f0de217b9babbcbb0a566402b667f18a8e6d094a45e5fb3fc1afff70",
    "https://deno.land/std@0.134.0/encoding/_yaml/dumper/dumper.ts": "51998d88c46f2720bf6c2d16416873a0501f69ea8648faf270cba41ad54a5580",
    "https://deno.land/std@0.134.0/encoding/_yaml/dumper/dumper_state.ts": "3c1bc8519c1832f0f136856881b97f0b42f64b7968767dbc36b8b0b6cae963dc",
    "https://deno.land/std@0.134.0/encoding/_yaml/error.ts": "6ca899f6d86c6979bce6d7c3a6a8e2a360b09d8b0f55d2e649bd1233604fb7c9",
    "https://deno.land/std@0.134.0/encoding/_yaml/loader/loader.ts": "d429d545bfed666f2e00572b6694eb70f6c7639926ff4889524e676eeccf9a8b",
    "https://deno.land/std@0.134.0/encoding/_yaml/loader/loader_state.ts": "59124e56d864274ce4043dca8bf63e937c6e960e4ad120465e424b38f3469b2d",
    "https://deno.land/std@0.134.0/encoding/_yaml/mark.ts": "7f67f43755b2602fefe52012eb3ab627880da97edd0f6c00f916ceb2ddb1b5d1",
    "https://deno.land/std@0.134.0/encoding/_yaml/parse.ts": "8f362dc01401099263d73a4bfa00bc90ea456d202507d62a11dfcfeac74484f5",
    "https://deno.land/std@0.134.0/encoding/_yaml/schema.ts": "83717fbf829f1caba84ff02e468c8792c47491fd202b1d95776ed0d8f58ea559",
    "https://deno.land/std@0.134.0/encoding/_yaml/schema/core.ts": "bcb47a389d596369fbfccf73a6b221ac3ca5440149b4f6df1e707f2efc6854ef",
    "https://deno.land/std@0.134.0/encoding/_yaml/schema/default.ts": "8b6bd9cb1cab07a3397e1cc3843edba6ad40d1bd15687c1f56cd977da834d984",
    "https://deno.land/std@0.134.0/encoding/_yaml/schema/extended.ts": "5e0bfd9a28c7a82ba40fc7ff7890df7469ec85390320349974acbc627ae1be88",
    "https://deno.land/std@0.134.0/encoding/_yaml/schema/failsafe.ts": "7254a9ca0dff8f30377098622812e55c4535aaf352fecb4ec51939e596bd74e7",
    "https://deno.land/std@0.134.0/encoding/_yaml/schema/json.ts": "2205d0d3d3377de56f92ac0f4a82bf561ea0d7b86eb195c9f0c32c7c7871d78f",
    "https://deno.land/std@0.134.0/encoding/_yaml/schema/mod.ts": "6769df6082aceee9849f71168f4353ba4f92e4a2a5a429a422debac13a593d4e",
    "https://deno.land/std@0.134.0/encoding/_yaml/state.ts": "374b8dc170417beccb364e543b25eef73576196f4a526836bb3a621b87a204a3",
    "https://deno.land/std@0.134.0/encoding/_yaml/stringify.ts": "ec15035c1928f96f4e42c0a0e9f3082512e294fd6b8ff6a0403a3ee9282f69aa",
    "https://deno.land/std@0.134.0/encoding/_yaml/type.ts": "95ad0cdbab49343b1527ebc7762c477726c34702438375be6781b44e03e9fcfc",
    "https://deno.land/std@0.134.0/encoding/_yaml/type/binary.ts": "8ae1bdeebe090133b1d1e1ef8427d5ea03f8b6f8944bd2eca578c81330700b0a",
    "https://deno.land/std@0.134.0/encoding/_yaml/type/bool.ts": "95c030531adc3d66a59979dc25c2fcdeb1f58ae40a91d6f9e9a537af0fd2b5a4",
    "https://deno.land/std@0.134.0/encoding/_yaml/type/float.ts": "0c39a6a3bb7cd90178c5bcdeb73a7b6865482db5b8b0495883289a8bc2d541fb",
    "https://deno.land/std@0.134.0/encoding/_yaml/type/function.ts": "b5642dda5ef8d47c0325a2b89a022cbce3be45ba21f8c4f9202364d967c6b3e5",
    "https://deno.land/std@0.134.0/encoding/_yaml/type/int.ts": "7197cba96ad8ad3c596ca34a364dacdf91ef396c462c6c2daecbdec056353f3d",
    "https://deno.land/std@0.134.0/encoding/_yaml/type/map.ts": "78bf5447d2e3f79d59bf7cb63a76ca7797854a0d8e2154c6fd35775c4e5c8c61",
    "https://deno.land/std@0.134.0/encoding/_yaml/type/merge.ts": "094b272e6087c6aef39cd9617fa6603ec934e507faad6c276d293e2734f9b083",
    "https://deno.land/std@0.134.0/encoding/_yaml/type/mod.ts": "b2f267dc0b0296cf8f6109aa129e2cf6d1e1f8c59f8903f0330c18749eca2d3c",
    "https://deno.land/std@0.134.0/encoding/_yaml/type/nil.ts": "1988843acab56e99e883cd047c40cc7fb799b6d335f541f022ae3b914abcbe35",
    "https://deno.land/std@0.134.0/encoding/_yaml/type/omap.ts": "fd3f2f9a8ae634996da84d021353ac8bf4b41e714f2711159d756d0e2f3aabd1",
    "https://deno.land/std@0.134.0/encoding/_yaml/type/pairs.ts": "90736f87b6e39a144205a235d8851f7bebf6bb3835fd03742c30253d5ecd7ec5",
    "https://deno.land/std@0.134.0/encoding/_yaml/type/regexp.ts": "a9e70491fa7ede8689b933d81142aa7635a253733a4df626bd479c55cb64222e",
    "https://deno.land/std@0.134.0/encoding/_yaml/type/seq.ts": "135f37a1b6dcb3688bc0dad0c9dc3a04370b1fc94267960586ea23877ffd3088",
    "https://deno.land/std@0.134.0/encoding/_yaml/type/set.ts": "2937ac0e1ce8c121a4009e74568e341e2a380fdb5f41f16050ce2ca7537b2bd8",
    "https://deno.land/std@0.134.0/encoding/_yaml/type/str.ts": "6420d3a0099d9fbc35861241b7dad65b800ff3909efe71ab71c895326187ab8d",
    "https://deno.land/std@0.134.0/encoding/_yaml/type/timestamp.ts": "3db0667dd9bdc3b3f0e8596fff023e87bc9fca230a545bb67d0bf3b732c1c656",
    "https://deno.land/std@0.134.0/encoding/_yaml/type/undefined.ts": "5b595082d064cf50a3345f5fdda8c02beb0768e9d97d4bd4c53ac81a9f94e185",
    "https://deno.land/std@0.134.0/encoding/_yaml/utils.ts": "c7e6bf055b08fffe700c7cbdfa2939cab7b9676ff75b6dc98d72d41b3b173d37",
    "https://deno.land/std@0.134.0/encoding/yaml.ts": "6760095814791325684cd146d10d49eef32bc4328a0516bf88fac9dc2cffa423",
    "https://deno.land/std@0.134.0/io/buffer.ts": "bd0c4bf53db4b4be916ca5963e454bddfd3fcd45039041ea161dbf826817822b",
    "https://deno.land/std@0.140.0/_util/assert.ts": "e94f2eb37cebd7f199952e242c77654e43333c1ac4c5c700e929ea3aa5489f74",
    "https://deno.land/std@0.140.0/_util/os.ts": "3b4c6e27febd119d36a416d7a97bd3b0251b77c88942c8f16ee5953ea13e2e49",
    "https://deno.land/std@0.140.0/async/abortable.ts": "87aa7230be8360c24ad437212311c9e8d4328854baec27b4c7abb26e85515c06",
    "https://deno.land/std@0.140.0/async/deadline.ts": "48ac998d7564969f3e6ec6b6f9bf0217ebd00239b1b2292feba61272d5dd58d0",
    "https://deno.land/std@0.140.0/async/debounce.ts": "564273ef242bcfcda19a439132f940db8694173abffc159ea34f07d18fc42620",
    "https://deno.land/std@0.140.0/async/deferred.ts": "bc18e28108252c9f67dfca2bbc4587c3cbf3aeb6e155f8c864ca8ecff992b98a",
    "https://deno.land/std@0.140.0/async/delay.ts": "cbbdf1c87d1aed8edc7bae13592fb3e27e3106e0748f089c263390d4f49e5f6c",
    "https://deno.land/std@0.140.0/async/mod.ts": "6e42e275b44367361a81842dd1a789c55ab206d7c8a877d7163ab5c460625be6",
    "https://deno.land/std@0.140.0/async/mux_async_iterator.ts": "f4d1d259b0c694d381770ddaaa4b799a94843eba80c17f4a2ec2949168e52d1e",
    "https://deno.land/std@0.140.0/async/pool.ts": "97b0dd27c69544e374df857a40902e74e39532f226005543eabacb551e277082",
    "https://deno.land/std@0.140.0/async/tee.ts": "1341feb1f5b1a96f8628d0f8fc07d8c43d3813423f18a63bf1b4785568d21b1f",
    "https://deno.land/std@0.140.0/datetime/formatter.ts": "7c8e6d16a0950f400aef41b9f1eb9168249869776ec520265dfda785d746589e",
    "https://deno.land/std@0.140.0/datetime/mod.ts": "dcab9ae7be83cbf74b7863e83bd16e7c646a8dea2f019092905630eb7a545739",
    "https://deno.land/std@0.140.0/datetime/tokenizer.ts": "7381e28f6ab51cb504c7e132be31773d73ef2f3e1e50a812736962b9df1e8c47",
    "https://deno.land/std@0.140.0/encoding/hex.ts": "7f023e1e51cfd6b189682e602e8640939e7be71a300a2fcf3daf8f84dc609bbc",
    "https://deno.land/std@0.140.0/flags/mod.ts": "019df8a63ed24df2d10be22e8983aa9253623e871228a2f8f328ff2d0404f7ef",
    "https://deno.land/std@0.140.0/fmt/colors.ts": "30455035d6d728394781c10755351742dd731e3db6771b1843f9b9e490104d37",
    "https://deno.land/std@0.140.0/fs/walk.ts": "117403ccd21fd322febe56ba06053b1ad5064c802170f19b1ea43214088fe95f",
    "https://deno.land/std@0.140.0/http/cookie.ts": "526f27762fad7bf84fbe491de7eba7c406057501eec6edcad7884a16b242fddf",
    "https://deno.land/std@0.140.0/http/file_server.ts": "c1f0af1c846dabe5a930afff1c7fa6a8eaa9ad8b2573ceeca78d2668f6e9f50e",
    "https://deno.land/std@0.140.0/http/http_status.ts": "71838ad33cb03ff2575f5e8fdea5f930979cdff8a81c11ade497f11d4c026019",
    "https://deno.land/std@0.140.0/http/mod.ts": "a298ebcfb4f015c7e509cab03135d2a928a769e5262c5018ce3c5122b5fb4a4f",
    "https://deno.land/std@0.140.0/http/server.ts": "3da75405704bebcf212a55966a68a489f7e094ba52b5d38f181fe0ef8461a55d",
    "https://deno.land/std@0.140.0/path/_constants.ts": "df1db3ffa6dd6d1252cc9617e5d72165cd2483df90e93833e13580687b6083c3",
    "https://deno.land/std@0.140.0/path/_interface.ts": "ee3b431a336b80cf445441109d089b70d87d5e248f4f90ff906820889ecf8d09",
    "https://deno.land/std@0.140.0/path/_util.ts": "c1e9686d0164e29f7d880b2158971d805b6e0efc3110d0b3e24e4b8af2190d2b",
    "https://deno.land/std@0.140.0/path/common.ts": "bee563630abd2d97f99d83c96c2fa0cca7cee103e8cb4e7699ec4d5db7bd2633",
    "https://deno.land/std@0.140.0/path/glob.ts": "cb5255638de1048973c3e69e420c77dc04f75755524cb3b2e160fe9277d939ee",
    "https://deno.land/std@0.140.0/path/mod.ts": "d3e68d0abb393fb0bf94a6d07c46ec31dc755b544b13144dee931d8d5f06a52d",
    "https://deno.land/std@0.140.0/path/posix.ts": "293cdaec3ecccec0a9cc2b534302dfe308adb6f10861fa183275d6695faace44",
    "https://deno.land/std@0.140.0/path/separator.ts": "fe1816cb765a8068afb3e8f13ad272351c85cbc739af56dacfc7d93d710fe0f9",
    "https://deno.land/std@0.140.0/path/win32.ts": "31811536855e19ba37a999cd8d1b62078235548d67902ece4aa6b814596dd757",
    "https://deno.land/std@0.158.0/fmt/colors.ts": "ff7dc9c9f33a72bd48bc24b21bbc1b4545d8494a431f17894dbc5fe92a938fc4",
    "https://deno.land/std@0.158.0/testing/_diff.ts": "a23e7fc2b4d8daa3e158fa06856bedf5334ce2a2831e8bf9e509717f455adb2c",
    "https://deno.land/std@0.158.0/testing/_format.ts": "cd11136e1797791045e639e9f0f4640d5b4166148796cad37e6ef75f7d7f3832",
    "https://deno.land/std@0.158.0/testing/asserts.ts": "8696c488bc98d8d175e74dc652a0ffbc7fca93858da01edc57ed33c1148345da",
    "https://deno.land/std@0.186.0/_util/asserts.ts": "178dfc49a464aee693a7e285567b3d0b555dc805ff490505a8aae34f9cfb1462",
    "https://deno.land/std@0.186.0/_util/os.ts": "d932f56d41e4f6a6093d56044e29ce637f8dcc43c5a90af43504a889cf1775e3",
    "https://deno.land/std@0.186.0/path/_constants.ts": "e49961f6f4f48039c0dfed3c3f93e963ca3d92791c9d478ac5b43183413136e0",
    "https://deno.land/std@0.186.0/path/_interface.ts": "6471159dfbbc357e03882c2266d21ef9afdb1e4aa771b0545e90db58a0ba314b",
    "https://deno.land/std@0.186.0/path/_util.ts": "d7abb1e0dea065f427b89156e28cdeb32b045870acdf865833ba808a73b576d0",
    "https://deno.land/std@0.186.0/path/common.ts": "ee7505ab01fd22de3963b64e46cff31f40de34f9f8de1fff6a1bd2fe79380000",
    "https://deno.land/std@0.186.0/path/glob.ts": "d479e0a695621c94d3fd7fe7abd4f9499caf32a8de13f25073451c6ef420a4e1",
    "https://deno.land/std@0.186.0/path/mod.ts": "ee161baec5ded6510ee1d1fb6a75a0f5e4b41f3f3301c92c716ecbdf7dae910d",
    "https://deno.land/std@0.186.0/path/posix.ts": "8b7c67ac338714b30c816079303d0285dd24af6b284f7ad63da5b27372a2c94d",
    "https://deno.land/std@0.186.0/path/separator.ts": "0fb679739d0d1d7bf45b68dacfb4ec7563597a902edbaf3c59b50d5bcadd93b1",
    "https://deno.land/std@0.186.0/path/win32.ts": "d186344e5583bcbf8b18af416d13d82b35a317116e6460a5a3953508c3de5bba",
    "https://deno.land/x/blog@0.3.3/deps.ts": "11a20f97abc977ec67381343fc158b08e213795bcfe38e6d01a9cffc8b8c3dd5",
    "https://deno.land/x/continuation@0.1.5/mod.ts": "690def2735046367b3e1b4bc6e51b5912f2ed09c41c7df7a55c060f23720ad33",
    "https://deno.land/x/deno_dom@v0.1.45/build/deno-wasm/deno-wasm.js": "d6841a06342eb6a2798ef28de79ad69c0f2fa349fa04d3ca45e5fcfbf50a9340",
    "https://deno.land/x/deno_dom@v0.1.45/deno-dom-wasm.ts": "a33d160421bbb6e3104285ea5ebf33352b7ad50d82ea8765e3cf65f972b25119",
    "https://deno.land/x/deno_dom@v0.1.45/src/api.ts": "0ff5790f0a3eeecb4e00b7d8fbfa319b165962cf6d0182a65ba90f158d74f7d7",
    "https://deno.land/x/deno_dom@v0.1.45/src/constructor-lock.ts": "59714df7e0571ec7bd338903b1f396202771a6d4d7f55a452936bd0de9deb186",
    "https://deno.land/x/deno_dom@v0.1.45/src/deserialize.ts": "1cf4096678d8afed8ed28dbad690504c4d2c28149ba768b26eacd1416873425b",
    "https://deno.land/x/deno_dom@v0.1.45/src/dom/document-fragment.ts": "1c7352a3c816587ed7fad574b42636198f680f17abc3836fcfe7799b31e7718f",
    "https://deno.land/x/deno_dom@v0.1.45/src/dom/document.ts": "a182727dd9179e5712e31be66f4f72b766a5b714c765a75950babe6dd756b4ee",
    "https://deno.land/x/deno_dom@v0.1.45/src/dom/dom-parser.ts": "609097b426f8c2358f3e5d2bca55ed026cf26cdf86562e94130dfdb0f2537f92",
    "https://deno.land/x/deno_dom@v0.1.45/src/dom/element.ts": "d5371cd83ff2128353c1975465c368ef83d7441568626b386557deba51315111",
    "https://deno.land/x/deno_dom@v0.1.45/src/dom/elements/html-template-element.ts": "740b97a5378c9a14cccf3429299846eda240b613013e2d2d7f20b393897453c2",
    "https://deno.land/x/deno_dom@v0.1.45/src/dom/html-collection.ts": "829a965f419f8286d5f43a12e27886d10836d519ca2d5e74cb3f2e1d35f35746",
    "https://deno.land/x/deno_dom@v0.1.45/src/dom/node-list.ts": "9008303fe236e40e74f9f93e398bd173d2e9b09065932a0153dd0142c759397b",
    "https://deno.land/x/deno_dom@v0.1.45/src/dom/node.ts": "3069e6fc93ac4111a136ed68199d76673339842b9751610ba06f111ba7dc10a7",
    "https://deno.land/x/deno_dom@v0.1.45/src/dom/selectors/custom-api.ts": "852696bd58e534bc41bd3be9e2250b60b67cd95fd28ed16b1deff1d548531a71",
    "https://deno.land/x/deno_dom@v0.1.45/src/dom/selectors/nwsapi-types.ts": "c43b36c36acc5d32caabaa54fda8c9d239b2b0fcbce9a28efb93c84aa1021698",
    "https://deno.land/x/deno_dom@v0.1.45/src/dom/selectors/nwsapi.js": "985d7d8fc1eabbb88946b47a1c44c1b2d4aa79ff23c21424219f1528fa27a2ff",
    "https://deno.land/x/deno_dom@v0.1.45/src/dom/selectors/selectors.ts": "83eab57be2290fb48e3130533448c93c6c61239f2a2f3b85f1917f80ca0fdc75",
    "https://deno.land/x/deno_dom@v0.1.45/src/dom/selectors/sizzle-types.ts": "78149e2502409989ce861ed636b813b059e16bc267bb543e7c2b26ef43e4798b",
    "https://deno.land/x/deno_dom@v0.1.45/src/dom/selectors/sizzle.js": "c3aed60c1045a106d8e546ac2f85cc82e65f62d9af2f8f515210b9212286682a",
    "https://deno.land/x/deno_dom@v0.1.45/src/dom/utils-types.ts": "96db30e3e4a75b194201bb9fa30988215da7f91b380fca6a5143e51ece2a8436",
    "https://deno.land/x/deno_dom@v0.1.45/src/dom/utils.ts": "4c6206516fb8f61f37a209c829e812c4f5a183e46d082934dd14c91bde939263",
    "https://deno.land/x/deno_dom@v0.1.45/src/parser.ts": "e06b2300d693e6ae7564e53dfa5c9a9e97fdb8c044c39c52c8b93b5d60860be3",
    "https://deno.land/x/effection@3.0.3/lib/abort-signal.ts": "b404e2c4250edb6df67f757cf190c87915fd4edbd3200c47b11db762a4cc10cc",
    "https://deno.land/x/effection@3.0.3/lib/all.ts": "e45b9701998212b8a97949b1a6f0defb71ce90e56eb57d5afb365e3bba2e3791",
    "https://deno.land/x/effection@3.0.3/lib/async.ts": "ac4bed095e849584a6170ac9a47c9217c2e1e99543275cbc9407d92851120ada",
    "https://deno.land/x/effection@3.0.3/lib/call.ts": "096705dfd01fa19b6ae01fe3e362c919308a011e6d4647029cdb31dac80eadb2",
    "https://deno.land/x/effection@3.0.3/lib/channel.ts": "445b29c5cfc0b6bc48b1a7ea81e09d14c452ee4646c49c7753c8e5b34962ad50",
    "https://deno.land/x/effection@3.0.3/lib/context.ts": "108989ac839d6756e30f6c0afc458bfa3975dd0f970d5173b6b8f8473ce4c335",
    "https://deno.land/x/effection@3.0.3/lib/deps.ts": "91062b4b97089a8cf36550d4f9605d325a0fd19bebc72d15524481a3b56ea669",
    "https://deno.land/x/effection@3.0.3/lib/each.ts": "0a32eaa8b54966a913c843714e669c1f1e8933a3570d54797cc20ee2c4b5de41",
    "https://deno.land/x/effection@3.0.3/lib/ensure.ts": "8043d8e6e67ad27382cba05b3c8b886cf46436871831171b8a8eea66609a6313",
    "https://deno.land/x/effection@3.0.3/lib/events.ts": "bdaf6c87c368aebff1e4287a9917ae0b6ba880c4008ecf0abf6b5af922233c62",
    "https://deno.land/x/effection@3.0.3/lib/instructions.ts": "3e5316bb7f32a70f93b853673dd1192cdfa11a04037e630d07ddf8fd5eba5d08",
    "https://deno.land/x/effection@3.0.3/lib/lazy.ts": "92ea526c5ad7d88290f2a87168e038d482f97421379508d85cf2e049ee60639b",
    "https://deno.land/x/effection@3.0.3/lib/lift.ts": "06fafd92f3a8e87c34e9bb9d9dacbb0333b5213c9c65c7245b2cab2cf3cf99e9",
    "https://deno.land/x/effection@3.0.3/lib/main.ts": "5f4793fe6d82dcbf991d3306334b784c2b2617f618295e8c368f3fe714e66c01",
    "https://deno.land/x/effection@3.0.3/lib/mod.ts": "bbbffe1265d9848812feefa7b20307c448bd4ce1d4c6232d2312f3722dca0fa7",
    "https://deno.land/x/effection@3.0.3/lib/pause.ts": "a690b0d67cf970c34f528df8c61d69eb43deda9817362776f6359f506dc0da45",
    "https://deno.land/x/effection@3.0.3/lib/queue.ts": "80c6234cb6eaba9fd1abdae077e73f51897b099ea54f852b9a744e8eba51302f",
    "https://deno.land/x/effection@3.0.3/lib/race.ts": "ab652679ee00fd3f4ca5156628bf3af7aea55b2e20bb6387693075f7ea27d5ca",
    "https://deno.land/x/effection@3.0.3/lib/result.ts": "44e4bdadad155beb9bbfe41948819bbcb9e27a772283e52e89981bd6636a8687",
    "https://deno.land/x/effection@3.0.3/lib/run.ts": "55070ed92c5881e86b9724f519986058286ef54b6c12adf82847023631ebcfd3",
    "https://deno.land/x/effection@3.0.3/lib/run/create.ts": "be9139af2fbe15908256d2d159dec8dca079f94cf02d488074c94fa26fc651fa",
    "https://deno.land/x/effection@3.0.3/lib/run/frame.ts": "132fdace9c00e6ad0e249d7faab1c33680336c5fa8e4a893f092ecec4e2df786",
    "https://deno.land/x/effection@3.0.3/lib/run/scope.ts": "a968455e313ba9aa097ee5c18b4db0d8e2397b90c78e413fa08396baead7b74a",
    "https://deno.land/x/effection@3.0.3/lib/run/task.ts": "7084b9cabdc338c776dc522ec8b677fb3ac41aa0c94e454d467731494cb68737",
    "https://deno.land/x/effection@3.0.3/lib/run/value.ts": "d57428b45dfeecc9df1e68dadf8697dbc33cd412e6ffcab9d0ba4368e8c1fbd6",
    "https://deno.land/x/effection@3.0.3/lib/shift-sync.ts": "74ecefa9cb2e145a3c52f363319f8d6296b804600852044b7d14bd53bc10b512",
    "https://deno.land/x/effection@3.0.3/lib/signal.ts": "6aba1f372419e1540bd29a9ff992ffd2500e035b2e455d2c11d856a052f698d1",
    "https://deno.land/x/effection@3.0.3/lib/sleep.ts": "ff8ba6a0266f2e8837a9ae5f63402f8db51a39ce573abf1335109bef772d6b4a",
    "https://deno.land/x/effection@3.0.3/lib/types.ts": "06b435b6152b17ef7959a37e1901109b3c716e14ee5e0ae942314439f63bb630",
    "https://deno.land/x/effection@3.0.3/mod.ts": "ffae461c16d4a1bf24c2179582ab8d5c81ad0df61e4ae2fba51ef5e5bdf90345",
    "https://deno.land/x/emit@0.40.0/_utils.ts": "98412edc7aa29e77d592b54fbad00bdec1b05d0c25eb772a5f8edc9813e08d88",
    "https://deno.land/x/emit@0.40.0/emit.generated.js": "65621c730ae9e4e818a3f83913562101dc9a371befbdb44d81e09a1532af5089",
    "https://deno.land/x/emit@0.40.0/mod.ts": "04b1818a60d6f85ca991bc4369634ea55d51388c4154b0100dfbe3c9684e2318",
    "https://deno.land/x/emoji@0.1.2/all.ts": "f308ed6af940c3df7436a80dc8d016c3dcc16c3890a12724cf7e043a9e489a29",
    "https://deno.land/x/emoji@0.1.2/emoji.ts": "e6aa205846a805bca29466d82d24476c9e8aecbee0e477b845d332786c2b1770",
    "https://deno.land/x/emoji@0.1.2/mod.ts": "e466029cda15415de960c53797b739e3034d9e56774895b34a534e054e6f4076",
    "https://deno.land/x/emoji@0.1.2/unicode.ts": "ac8079e8e1da66ae9e601c1fdd0e7641120c2b07ca7bd2875e65fe23e16e6199",
    "https://deno.land/x/frontmatter@v0.1.4/deps.ts": "e6cafb4a0ae7d4ea7c3e0e4b5244ca69f75dbbad2dc8046529a76d40c232d447",
    "https://deno.land/x/frontmatter@v0.1.4/mod.ts": "5fc285ba3c28c4919099b97d9b82d70f40b9c0581a780039a87b93125c05ee39",
    "https://deno.land/x/g_a@0.1.2/mod.ts": "6016891e4aa825a82e14782cf45be5705aa42f3ed5e8378200a6e0136239f572",
    "https://deno.land/x/gfm@0.1.20/deps.ts": "40d2c2846d5f2a92cc81401099f39f26fc541af000a01ac0dede689646843365",
    "https://deno.land/x/gfm@0.1.20/mod.ts": "cd48d4d317e55f76ed0d45895142f7960af1dd8581abb92de9fec67e12cd1666",
    "https://deno.land/x/gfm@0.1.20/style.js": "92c6554b6288972f680c4f2271564c1d0ba968a3e444f1f75398d7bec9296ea5",
    "https://deno.land/x/htm@0.0.6/mod.tsx": "03b172b350a621945ba95b9443778a977d288a99a324eef3410693d223e439fd",
    "https://esm.sh/@unocss/core@0.37.2": "e57f11aa1e36e4ed20dda77ec50871ab2c132c971d2e05d8441f78f6cfc67b49",
    "https://esm.sh/@unocss/preset-wind@0.37.2?bundle&no-check": "209121b55bf3c0153cb88d2f079866181f79baf5857ace79c4b72c2b91a01f22",
    "https://esm.sh/feed@4.2.2": "1a5822737d59ad06c741504c67eba07c68b582799b6b4609f17824cd5a3dcfe0",
    "https://esm.sh/he@1.2.0": "388a449d0b163506f1a5ed1b9fe178c29433c9a3af5b2465c92ec4adb0f35792",
    "https://esm.sh/marked@4.0.12": "5f4dfd6a6032c62cf73bd706153859cfd798167d2a672e712132f83ccdd8b343",
    "https://esm.sh/preact-render-to-string@5.2.0?deps=preact@10.7.2": "8e534e88df7ae4c9072b92b5f7db6b81ff9ba931f0f7afc6219b28ecb32b4c80",
    "https://esm.sh/preact@10.7.2": "77b31c6ebeedc2bbe99212b0e188ebe8c7139850364eec730d512f5bbfae6963",
    "https://esm.sh/prismjs@1.27.0": "7475ce881ab6ac7c2550162a4a9498d38038d5b2139e4df9c7f796389889b1eb",
    "https://esm.sh/prismjs@1.27.0/components/prism-c?no-check": "18144be756697d66c536dbea05f8aaee3777e08aa6bff011ea729d51357280ff",
    "https://esm.sh/remove-markdown@0.5.0": "44b9de241db9fbb69f3e526773fd6d170a14b04860e543c3a48cfa7089905aa0",
    "https://esm.sh/sanitize-html@2.7.0": "a14bec3fe4464b7bd7b3005d3abb78f8df6dbda21f91aafa6d7fbb0a36ff0c62",
    "https://esm.sh/stable/preact@10.7.2/denonext/preact.mjs": "fda4341cff9723adf5b8e6a0e86fa43c3aad99d53240d9434ffff81d4f5398c5",
    "https://esm.sh/v135/@unocss/core@0.37.2/denonext/core.mjs": "2908171663e4786b37a34a570c9d11137496170d7b95e1a521c44f0601e2b904",
    "https://esm.sh/v135/@unocss/preset-wind@0.37.2/denonext/preset-wind.bundle.mjs": "2db7e20a31a3fa2ced88aefea73904427f563f0dc26665ac47b370851ecdb264",
    "https://esm.sh/v135/deepmerge@4.3.1/denonext/deepmerge.mjs": "08481570f6011601fe4b827bffb00cdea632e55c923c44485d8719e8ab77b7c9",
    "https://esm.sh/v135/dom-serializer@1.4.1/denonext/dom-serializer.mjs": "fd86f1d561e6a51a4f34448d5c4a9f2ab4eaa76047df96ee452a80a957c3d722",
    "https://esm.sh/v135/domelementtype@2.3.0/denonext/domelementtype.mjs": "371936c356d5ac797f2ce3a66b98dfc73e6fff0e095b2858b85668e6ad7d10e0",
    "https://esm.sh/v135/domhandler@4.3.1/denonext/domhandler.mjs": "463323f0b16b4174b4939241d737ad81d6fac54318a92a7bc96097ff1033804f",
    "https://esm.sh/v135/domutils@2.8.0/denonext/domutils.mjs": "5470a0a019c52be8cda5c2d5e948bfc802134c9f81ee02a9958bbdd16cf3d11c",
    "https://esm.sh/v135/entities@2.2.0/denonext/entities.mjs": "af15975e7c8b5f17be658d1db80f9de7c076cb9cd53c4dcfc9dd60d460266d62",
    "https://esm.sh/v135/entities@2.2.0/denonext/lib/decode_codepoint.js": "68b6cbd2b5c122b862e414cd9c3a01af2bff35d3d7b1dd2089f4ffcef5a2f5c2",
    "https://esm.sh/v135/escape-string-regexp@4.0.0/denonext/escape-string-regexp.mjs": "4bebd5b21a97ea88f1b93f2851c077053d3cc323ac2b2eefc835ff3d7dab8ae9",
    "https://esm.sh/v135/feed@4.2.2/denonext/feed.mjs": "d6dc8357b3e9474bb21a6b339b9c1d311ce389c5971be2235945d267563a6dc3",
    "https://esm.sh/v135/he@1.2.0/denonext/he.mjs": "1ffb3a2e1892578e01267fda4b32f30dd0b4b3be7393fe239b0ea30cf1d654c7",
    "https://esm.sh/v135/htmlparser2@6.1.0/denonext/htmlparser2.mjs": "3068af4d89ba653778e3c1248938db62b773357f6905a1b324084f5683cba978",
    "https://esm.sh/v135/is-plain-object@5.0.0/denonext/is-plain-object.mjs": "6d9568ddc8b90de99a46c63e14984810280b6b021dc4e478803b3c240811985f",
    "https://esm.sh/v135/marked@4.0.12/denonext/marked.mjs": "1e14773e19d6847a98dc32817f4d755cb4da3d26c9acf32411179df8d7af71d4",
    "https://esm.sh/v135/nanoid@3.3.7/denonext/non-secure.js": "04f910c9045422af11c2760899978492d745d6b13e5d9f08040c13b658c27ee0",
    "https://esm.sh/v135/parse-srcset@1.0.2/denonext/parse-srcset.mjs": "79b825d12a392cca8b39a53f6189e4f6d8c81612bbed7e3bb7946195d5264737",
    "https://esm.sh/v135/picocolors@1.0.0/denonext/picocolors.mjs": "5d53d745955947dce84f82222cfd00fd021239fcbe9336c6bbfe34ed2f40886c",
    "https://esm.sh/v135/postcss@8.4.31/denonext/lib/at-rule.js": "4cd3a53a67b972be9712e9af2492b2eadd32cbbeda6310a909e34d984bcda048",
    "https://esm.sh/v135/postcss@8.4.31/denonext/lib/comment.js": "6224f5617fbcfb90ee0a14a07951258c2cacb8b918bd9210c9950e617f0daaa8",
    "https://esm.sh/v135/postcss@8.4.31/denonext/lib/container.js": "128ef5a47586593b71b52c4499920b384a1fa73df9bbd14c8ff1946fc440a783",
    "https://esm.sh/v135/postcss@8.4.31/denonext/lib/css-syntax-error.js": "81e3ca71ff833022a56aa7b4de2c5995999f33465a209390e6b28b7611582d41",
    "https://esm.sh/v135/postcss@8.4.31/denonext/lib/declaration.js": "d8ed2e3f54f9970cdc66c139481cd52961708dd7202cfdb409bf5f1c5b4ffb83",
    "https://esm.sh/v135/postcss@8.4.31/denonext/lib/fromJSON.js": "f08d5cd84c4840a726cbc2fc149253864dafe69ff2991fa0c6fa3490c5c8fd70",
    "https://esm.sh/v135/postcss@8.4.31/denonext/lib/input.js": "5776098707b39daca45565699c1d1ecd700c415ca863c7ebef7d402619c7f9c0",
    "https://esm.sh/v135/postcss@8.4.31/denonext/lib/lazy-result.js": "5e2c5cbe211148ecd272f5900fc4189317c74acf3570ff12b307a31716069536",
    "https://esm.sh/v135/postcss@8.4.31/denonext/lib/list.js": "9ee1a8ca4cb42b87372db1fc6549fff29916564f8c07bf52870a84d2b91c6553",
    "https://esm.sh/v135/postcss@8.4.31/denonext/lib/map-generator.js": "1d25d7e1f7c98e583a7525966ff00065aa0f2cfc78e760fccdb1dbf632746004",
    "https://esm.sh/v135/postcss@8.4.31/denonext/lib/no-work-result.js": "a7e85149a2a58cdb8d24928f37da2c1fe7a7812466cf03b1ef3ad34ee66c60e7",
    "https://esm.sh/v135/postcss@8.4.31/denonext/lib/node.js": "fb129d1023b2c428f9fe10626ce345508eaeca84def469b7ff025a14932fc14b",
    "https://esm.sh/v135/postcss@8.4.31/denonext/lib/parse.js": "6f2f0301c1b6171f930973e93eae429a7c7355e9a73b608548e38a0a58669167",
    "https://esm.sh/v135/postcss@8.4.31/denonext/lib/parser.js": "09074eefec15c6849794c51f0bea2af7f37f8c64dd2a210831f0d9047d73129c",
    "https://esm.sh/v135/postcss@8.4.31/denonext/lib/postcss.js": "e3455363a90f50b2fb40ef356772e408a924692d363dca03ac676fd7dd786391",
    "https://esm.sh/v135/postcss@8.4.31/denonext/lib/previous-map.js": "22332c5d21d8a3c56df08f6ed46ea0c2034ec9d2a3ca8e85d28c2b7ec3875e05",
    "https://esm.sh/v135/postcss@8.4.31/denonext/lib/processor.js": "583f9dee08e160a160f14f60c98733ba4c187de9a3192fe2f0a04ffe35b09e95",
    "https://esm.sh/v135/postcss@8.4.31/denonext/lib/result.js": "c40d7a814c0c95f250bcc5eb1f94110c016e7ff7dae1e25ffdc298520ba1a0c5",
    "https://esm.sh/v135/postcss@8.4.31/denonext/lib/root.js": "c211a1310bfcf0a7e202a68d0bf79125ac472a5a4f3b6b1d9fb17805c1323550",
    "https://esm.sh/v135/postcss@8.4.31/denonext/lib/rule.js": "4316a023cfaa889a2ec21e5a6129ce0e3639936f578c44909d3dc537aaf11be4",
    "https://esm.sh/v135/postcss@8.4.31/denonext/lib/stringifier.js": "ee4c8dff2c1e67ea351bc003563f15cbfaaa1a5d079eda31dfb8b7d23fd7ca19",
    "https://esm.sh/v135/postcss@8.4.31/denonext/lib/stringify.js": "c99df0b7406b7a1c63909c855959255d5ecef31967a0eb09ae08cf84737b6d61",
    "https://esm.sh/v135/postcss@8.4.31/denonext/lib/symbols.js": "21d641931343fff9437a1bd720a7df9e60d7f599b2ba269c98a1e741071f495c",
    "https://esm.sh/v135/postcss@8.4.31/denonext/lib/terminal-highlight.js": "5f215fde89517b9e37963ed10c31962a0f3331bc6d7da6ec61d1305d86aee9f2",
    "https://esm.sh/v135/postcss@8.4.31/denonext/lib/tokenize.js": "c73b6614aa8e3afd00130d76bb989d9c3211f225c9e9e6a8c326b0952d05d4b6",
    "https://esm.sh/v135/postcss@8.4.31/denonext/lib/warn-once.js": "3f6117216f9e1c8935cb05ee84459bf10debfaaf5ecbe517c43d3c1c31aa0b2f",
    "https://esm.sh/v135/postcss@8.4.31/denonext/lib/warning.js": "af11340817cce38f4b02f93cadb4c77b0142c69565f07ee86e13ba8948ebeb16",
    "https://esm.sh/v135/postcss@8.4.31/denonext/postcss.mjs": "17cb1bfa8d463c1e35ed187969d937c4a2c880508dcaf00f15db9277ffc4becd",
    "https://esm.sh/v135/postcss@8.4.38/denonext/lib/at-rule.js": "7f7aad25773b6361b5f7a81309dd3d60555426b4fe859c29dfb68a9110de0b4d",
    "https://esm.sh/v135/postcss@8.4.38/denonext/lib/comment.js": "94519769317b9856732782925d9c32f33c98633a3b31074a76034d4a16a360b5",
    "https://esm.sh/v135/postcss@8.4.38/denonext/lib/container.js": "45883ae24d338835db06f324706ba0934663dd8bcc88d21aa923d05597bfd38e",
    "https://esm.sh/v135/postcss@8.4.38/denonext/lib/css-syntax-error.js": "caef7286b91a148388b76a45cb0bf5293b005897a48cf62f4f56c30ce2eb0834",
    "https://esm.sh/v135/postcss@8.4.38/denonext/lib/declaration.js": "44558eb6e72e0f000c036509b3ef3d44d70432cd4d01e09671c2c85ab1709cf4",
    "https://esm.sh/v135/postcss@8.4.38/denonext/lib/fromJSON.js": "f05f54ed5babba9300d5121275e1107ae4b12276b86b13f3219ea80fa9986ea3",
    "https://esm.sh/v135/postcss@8.4.38/denonext/lib/input.js": "14c0a956b92c072b593ef35001970bf762978b07f42e60f0aacdace541c1a82d",
    "https://esm.sh/v135/postcss@8.4.38/denonext/lib/lazy-result.js": "f0534da57a829115bbee562df99b3ff9891bad4692fd094702246437db84af28",
    "https://esm.sh/v135/postcss@8.4.38/denonext/lib/list.js": "ce4588bde029f95e2bcfb7675670af661551914e73c96c8bc7ce24fa9f978b65",
    "https://esm.sh/v135/postcss@8.4.38/denonext/lib/map-generator.js": "3b9a40cb3bac5922ad4816a2cadf8ccbaab11cfc305fc0a3afbec4358526b480",
    "https://esm.sh/v135/postcss@8.4.38/denonext/lib/no-work-result.js": "f2151514943518a5ac4c13d6853512f8cfa709e80c67f5e3bbc551ef0d8c72ca",
    "https://esm.sh/v135/postcss@8.4.38/denonext/lib/node.js": "ba7355f16c1bc712dd71484012fde675c10c7a38c0ea6a1f03eca9ab8ccb3b07",
    "https://esm.sh/v135/postcss@8.4.38/denonext/lib/parse.js": "db01a4fcb97fef4be982ea3f32edaed427613921a31801983eb4a23ef2b65233",
    "https://esm.sh/v135/postcss@8.4.38/denonext/lib/parser.js": "a0a5ed855c27c92eeb2c2b5e727f4d1023cbe458376077172196de18692315e2",
    "https://esm.sh/v135/postcss@8.4.38/denonext/lib/postcss.js": "f1b3eabedea51c3f10d5ada9d4dd63bff400216edda089eca6b9378be99326b2",
    "https://esm.sh/v135/postcss@8.4.38/denonext/lib/previous-map.js": "181598770c54258b85eacfe180dcacbb19695a27dcde4456aeee058e4378d335",
    "https://esm.sh/v135/postcss@8.4.38/denonext/lib/processor.js": "b02c06cc3d78c5b8eb85f3c81b9034d2ab9cb714d2c109d0dbca050f6a33eb42",
    "https://esm.sh/v135/postcss@8.4.38/denonext/lib/result.js": "381de30db69bda66e0d766eb6b3eb7db85f624ff8ad3a4ed8e8dc86248ebd547",
    "https://esm.sh/v135/postcss@8.4.38/denonext/lib/root.js": "a535bc0ddbae94e365ba09c702fff2e4a101cd2264aafd5f34e3c3595e83ae39",
    "https://esm.sh/v135/postcss@8.4.38/denonext/lib/rule.js": "1cac88cf4576e276a19ac6cb72c27f9232f5c7f0b6870f9f9dae5a5181142b8c",
    "https://esm.sh/v135/postcss@8.4.38/denonext/lib/stringifier.js": "df945581d9ae8d1dd1ba4ba354005781bc8faf3e3e8583d471c9cee04fa9171d",
    "https://esm.sh/v135/postcss@8.4.38/denonext/lib/stringify.js": "04ecdc098b435f81815d4c9f311ab17c55086ba628a3381b6ab0f84976d3546d",
    "https://esm.sh/v135/postcss@8.4.38/denonext/lib/symbols.js": "614126031ee73d7e80f807366d5f18ca5ff690ad5853e47af3eed579d9267eaf",
    "https://esm.sh/v135/postcss@8.4.38/denonext/lib/terminal-highlight.js": "6ddd355bb57c0cb59f6d4a3b1cb37316eea8f5f10be71e582982ec2b5a7b02b1",
    "https://esm.sh/v135/postcss@8.4.38/denonext/lib/tokenize.js": "d2d31a1e8e148a4693d2be7ed2eea788a14189b400fe9c77c2df6a72456ea3cf",
    "https://esm.sh/v135/postcss@8.4.38/denonext/lib/warn-once.js": "6d2c941f8f55f4988d78dc2632d688eb5a1e87a680e0de54308df41101a4c5b8",
    "https://esm.sh/v135/postcss@8.4.38/denonext/lib/warning.js": "481625e9ac2a4ccc8a6722af2f4eb6490be2df1fcc83e572190cffd4be990e04",
    "https://esm.sh/v135/postcss@8.4.38/denonext/postcss.mjs": "a31d638a44d7653e06a9d82b0aeadf14b3bbd7907a3f4d8519f8006a77f73f31",
    "https://esm.sh/v135/preact-render-to-string@5.2.0/X-ZC9wcmVhY3RAMTAuNy4y/denonext/preact-render-to-string.mjs": "3256a9df1109175782d4b225ffd027cc1ca5e4e34be7f9bcae6d9adce7004d81",
    "https://esm.sh/v135/prismjs@1.27.0/denonext/components/prism-c.js": "cbd461ba921dd60c2baddea4c2f67a464104c6c97a168bc22d205d5eb3fdf4b7",
    "https://esm.sh/v135/prismjs@1.27.0/denonext/prismjs.mjs": "ae53f15f65a2aa92e917a5e7ca5292fb4891863287a7094c6d44db3d8de3ee6d",
    "https://esm.sh/v135/remove-markdown@0.5.0/denonext/remove-markdown.mjs": "abcc5cbc5f9dbee0bb06776b5a84f7c3bb65bc9b4454b3991f6964fbecd403c2",
    "https://esm.sh/v135/sanitize-html@2.7.0/denonext/sanitize-html.mjs": "d3ef3b0140960800501807202835342d79ca82f30ca131dd2677f22ff1e2601c",
    "https://esm.sh/v135/sax@1.3.0/denonext/sax.mjs": "9bc4584a87fa83f1ce8bd60ddda5864b3bc7895ef6f751a818d2aa0f7a426505",
    "https://esm.sh/v135/source-map-js@1.0.2/denonext/source-map-js.mjs": "81ed2d1f28bd08a762f6819d5b366285a1bacf4b5c3757d866c79e4950529bfd",
    "https://esm.sh/v135/source-map-js@1.2.0/denonext/source-map-js.mjs": "09ac7844f8befaecf87151a2cba96cb5b658563fc2b4d2f099f0558dfb9c193d",
    "https://esm.sh/v135/xml-js@1.6.11/denonext/xml-js.mjs": "9d1e9b85bc3e74ef2327bf96800e0d752bcd0f55b323a2a6a5ca969624390e8c",
    "https://raw.githubusercontent.com/kt3k/callsites/v1.0.0/mod.ts": "a5fdfa7916d03459fd4830ca526d493d5f4ce0ea91619905d524c9a3a5c3cd15"
  },
  "workspace": {
    "packageJson": {
      "dependencies": [
        "npm:@preact/signals@^1.2.3",
        "npm:@types/dom-view-transitions@^1.0.4",
        "npm:@types/dom-webcodecs@^0.1.11",
        "npm:crunker@^2.4.0",
        "npm:effection@^3.0.3",
        "npm:grapheme-splitter@^1.0.4",
        "npm:htm@^3.1.1",
        "npm:idb@^8.0.0",
        "npm:preact@^10.20.1",
        "npm:webm-muxer@^4.0.1",
        "npm:wordnet@^2.0.0",
        "npm:zod@^3.23.8"
      ]
    }
  }
}
