{
  "nodes": {
    "nixpkgs": {
      "locked": {
        "lastModified": 1764667669,
        "narHash": "sha256-7WUCZfmqLAssbDqwg9cUDAXrSoXN79eEEq17qhTNM/Y=",
        "owner": "NixOS",
        "repo": "nixpkgs",
        "rev": "418468ac9527e799809c900eda37cbff999199b6",
        "type": "github"
      },
      "original": {
        "owner": "NixOS",
        "ref": "nixos-unstable",
        "repo": "nixpkgs",
        "type": "github"
      }
    },
    "root": {
      "inputs": {
        "nixpkgs": "nixpkgs",
        "tagflow": "tagflow"
      }
    },
    "tagflow": {
      "flake": false,
      "locked": {
        "lastModified": 1762754357,
        "narHash": "sha256-CLeLDoh2cxPkqt4rircCUUxemdgskWJYBdPBd7X07Bo=",
        "owner": "lessrest",
        "repo": "tagflow",
        "rev": "cf84326fb41037db8efcefd09898b7659931e77e",
        "type": "github"
      },
      "original": {
        "owner": "lessrest",
        "repo": "tagflow",
        "type": "github"
      }
    }
  },
  "root": "root",
  "version": 7
}
