github.com/Velocidex/go-journalctl v0.0.0-20250902002606-881a5f66df10 h1:AGL0nv7O7LoRqdNwx1IZNmcacgC9W+ItMPJL4Vhy2gM=
github.com/Velocidex/go-journalctl v0.0.0-20250902002606-881a5f66df10/go.mod h1:5WxXsCtLdEvnc4FsFa+QfMwOWYkfey3nlQbPssZWqjc=
github.com/Velocidex/json v0.0.0-20220224052537-92f3c0326e5a h1:AeXPUzhU0yhID/v5JJEIkjaE85ASe+Vh4Kuv1RSLL+4=
github.com/Velocidex/json v0.0.0-20220224052537-92f3c0326e5a/go.mod h1:ukJBuruT9b24pdgZwWDvOaCYHeS03B7oQPCUWh25bwM=
github.com/Velocidex/ordereddict v0.0.0-20230909174157-2aa49cc5d11d h1:fn372EqKyazBxYUP5HPpBi3jId4MXuppEypEALGfvEk=
github.com/Velocidex/ordereddict v0.0.0-20230909174157-2aa49cc5d11d/go.mod h1:+MqO5UMBemyFSm+yRXslbpFTwPUDhFHUf7HPV92twg4=
github.com/Velocidex/yaml/v2 v2.2.8 h1:GUrSy4SBJ6RjGt43k6MeBKtw2z/27gh4A3hfFmFY3No=
github.com/Velocidex/yaml/v2 v2.2.8/go.mod h1:PlXIg/Pxmoja48C1vMHo7C5pauAZvLq/UEPOQ3DsjS4=
github.com/a-h/templ v0.3.960 h1:trshEpGa8clF5cdI39iY4ZrZG8Z/QixyzEyUnA7feTM=
github.com/a-h/templ v0.3.960/go.mod h1:oCZcnKRf5jjsGpf2yELzQfodLphd2mwecwG4Crk5HBo=
github.com/alecthomas/repr v0.1.1/go.mod h1:Fr0507jx4eOXV7AlPV6AVZLYrLIuIeSOWtW57eE/O/4=
github.com/creack/pty v1.1.24 h1:bJrF4RRfyJnbTJqzRLHzcGaZK1NeM5kTC9jGgovnR1s=
github.com/creack/pty v1.1.24/go.mod h1:08sCNb52WyoAwi2QDyzUCTgcvVFhUzewun7wtTfvcwE=
github.com/davecgh/go-spew v1.1.0/go.mod h1:J7Y8YcW2NihsgmVo/mv3lAwl/skON4iLHjSsI+c5H38=
github.com/davecgh/go-spew v1.1.1/go.mod h1:J7Y8YcW2NihsgmVo/mv3lAwl/skON4iLHjSsI+c5H38=
github.com/dchest/siphash v1.2.3 h1:QXwFc8cFOR2dSa/gE6o/HokBMWtLUaNDVd+22aKHeEA=
github.com/dchest/siphash v1.2.3/go.mod h1:0NvQU092bT0ipiFN++/rXm69QG9tVxLAlQHIXMPAkHc=
github.com/godbus/dbus/v5 v5.2.0 h1:3WexO+U+yg9T70v9FdHr9kCxYlazaAXUhx2VMkbfax8=
github.com/godbus/dbus/v5 v5.2.0/go.mod h1:3AAv2+hPq5rdnr5txxxRwiGjPXamgoIHgz9FPBfOp3c=
github.com/google/go-cmp v0.6.0 h1:ofyhxvXcZhMsU5ulbFiLKl/XBFqE1GSq7atu8tAmTRI=
github.com/google/go-cmp v0.6.0/go.mod h1:17dUlkBOakJ0+DkrSSNjCkIjxS6bF9zb3elmeNGIjoY=
github.com/mbrock/go-systemd/v22 v22.6.1-swash h1:AMHXdHhbt3OcIrMa96eolrEdr8nd6ho4C/5YvleNTfE=
github.com/mbrock/go-systemd/v22 v22.6.1-swash/go.mod h1:xNUYtjHu2EDXbsxz1i41wouACIwT7Ybq9o0BQhMwD0w=
github.com/pmezard/go-difflib v1.0.0/go.mod h1:iKH77koFhYxTK1pcRnkKkqfTogsbg7gZNVY4sRDYZ/4=
github.com/spf13/pflag v1.0.10 h1:4EBh2KAYBwaONj6b2Ye1GiHfwjqyROoF4RwYO+vPwFk=
github.com/spf13/pflag v1.0.10/go.mod h1:McXfInJRrz4CZXVZOBLb0bTZqETkiAhM9Iw0y3An2Bg=
github.com/stretchr/objx v0.1.0/go.mod h1:HFkY916IF+rwdDfMAkV7OtwuqBVzrE8GR6GFx+wExME=
github.com/stretchr/objx v0.4.0/go.mod h1:YvHI0jy2hoMjB+UWwv71VJQ9isScKT/TqJzVSSt89Yw=
github.com/stretchr/objx v0.5.0/go.mod h1:Yh+to48EsGEfYuaHDzXPcE3xhTkx73EhmCGUpEOglKo=
github.com/stretchr/testify v1.7.1/go.mod h1:6Fq8oRcR53rry900zMqJjRRixrwX3KX962/h/Wwjteg=
github.com/stretchr/testify v1.8.0/go.mod h1:yNjHg4UonilssWZ8iaSj1OCr/vHnekPRkoO+kdMU+MU=
github.com/stretchr/testify v1.8.1/go.mod h1:w2LPCIKwWwSfY2zedu0+kehJoqGctiVI29o6fzry7u4=
golang.org/x/net v0.47.0 h1:Mx+4dIFzqraBXUugkia1OOvlD6LemFo1ALMHjrXDOhY=
golang.org/x/net v0.47.0/go.mod h1:/jNxtkgq5yWUGYkaZGqo27cfGZ1c5Nen03aYrrKpVRU=
golang.org/x/sys v0.38.0 h1:3yZWxaJjBmCWXqhN1qh02AkOnCQ1poK6oF+a7xWL6Gc=
golang.org/x/sys v0.38.0/go.mod h1:OgkHotnGiDImocRcuBABYBEXf8A9a87e/uXjp9XT3ks=
golang.org/x/term v0.37.0 h1:8EGAD0qCmHYZg6J17DvsMy9/wJ7/D/4pV/wfnld5lTU=
golang.org/x/term v0.37.0/go.mod h1:5pB4lxRNYYVZuTLmy8oR2BH8dflOR+IbTYFD8fi3254=
gopkg.in/check.v1 v0.0.0-20161208181325-20d25e280405/go.mod h1:Co6ibVJAznAaIkqp8huTwlJQCZ016jof/cbN4VW5Yz0=
gopkg.in/yaml.v3 v3.0.0-20200313102051-9f266ea9e77c/go.mod h1:K4uyk7z7BCEPqu6E+C64Yfv1cQ7kz7rIZviUmN+EgEM=
gopkg.in/yaml.v3 v3.0.1/go.mod h1:K4uyk7z7BCEPqu6E+C64Yfv1cQ7kz7rIZviUmN+EgEM=
