{
  "name": "swash",
  "lockfileVersion": 3,
  "requires": true,
  "packages": {
    "": {
      "dependencies": {
        "@preact/signals": "^1.2.3",
        "@types/dom-view-transitions": "^1.0.4",
        "@types/dom-webcodecs": "^0.1.11",
        "crunker": "^2.4.0",
        "effection": "^3.0.3",
        "grapheme-splitter": "^1.0.4",
        "htm": "^3.1.1",
        "idb": "^8.0.0",
        "preact": "^10.20.1",
        "webm-muxer": "^4.0.1",
        "wordnet": "^2.0.0",
        "zod": "^3.23.8"
      }
    },
    "node_modules/@preact/signals": {
      "version": "1.2.3",
      "resolved": "https://registry.npmjs.org/@preact/signals/-/signals-1.2.3.tgz",
      "integrity": "sha512-M2DXse3Wi8HwjI1d2vQWOLJ3lHogvqTsJYvl4ofXRXgMFQzJ7kmlZvlt5i8x5S5VwgZu0ghru4HkLqOoFfU2JQ==",
      "dependencies": {
        "@preact/signals-core": "^1.6.0"
      },
      "funding": {
        "type": "opencollective",
        "url": "https://opencollective.com/preact"
      },
      "peerDependencies": {
        "preact": "10.x"
      }
    },
    "node_modules/@preact/signals-core": {
      "version": "1.6.0",
      "resolved": "https://registry.npmjs.org/@preact/signals-core/-/signals-core-1.6.0.tgz",
      "integrity": "sha512-O/XGxwP85h1F7+ouqTMOIZ3+V1whfaV9ToIVcuyGriD4JkSD00cQo54BKdqjvBJxbenvp7ynfqRHEwI6e+NIhw==",
      "funding": {
        "type": "opencollective",
        "url": "https://opencollective.com/preact"
      }
    },
    "node_modules/@types/dom-view-transitions": {
      "version": "1.0.4",
      "resolved": "https://registry.npmjs.org/@types/dom-view-transitions/-/dom-view-transitions-1.0.4.tgz",
      "integrity": "sha512-oDuagM6G+xPLrLU4KeCKlr1oalMF5mJqV5pDPMDVIEaa8AkUW00i6u+5P02XCjdEEUQJC9dpnxqSLsZeAciSLQ=="
    },
    "node_modules/@types/dom-webcodecs": {
      "version": "0.1.11",
      "resolved": "https://registry.npmjs.org/@types/dom-webcodecs/-/dom-webcodecs-0.1.11.tgz",
      "integrity": "sha512-yPEZ3z7EohrmOxbk/QTAa0yonMFkNkjnVXqbGb7D4rMr+F1dGQ8ZUFxXkyLLJuiICPejZ0AZE9Rrk9wUCczx4A=="
    },
    "node_modules/@types/wicg-file-system-access": {
      "version": "2020.9.8",
      "resolved": "https://registry.npmjs.org/@types/wicg-file-system-access/-/wicg-file-system-access-2020.9.8.tgz",
      "integrity": "sha512-ggMz8nOygG7d/stpH40WVaNvBwuyYLnrg5Mbyf6bmsj/8+gb6Ei4ZZ9/4PNpcPNTT8th9Q8sM8wYmWGjMWLX/A=="
    },
    "node_modules/crunker": {
      "version": "2.4.0",
      "resolved": "https://registry.npmjs.org/crunker/-/crunker-2.4.0.tgz",
      "integrity": "sha512-3J0aBgLaB8jpGh6o+bisjYzOEkJLYxhnisHXogjY4fxYewh1aVCptWAz7RSTYPncCyxdfA+UaWAM1BrQiZvZgQ=="
    },
    "node_modules/effection": {
      "version": "3.0.3",
      "resolved": "https://registry.npmjs.org/effection/-/effection-3.0.3.tgz",
      "integrity": "sha512-9ASCaJ44flDoEKUUJtn9drfIomn2z30sZUw7//crbq+eltMu09AyILcouXwpMkcHR8TsD5hDvTTsOLHswWRxXQ==",
      "engines": {
        "node": ">= 16"
      }
    },
    "node_modules/grapheme-splitter": {
      "version": "1.0.4",
      "resolved": "https://registry.npmjs.org/grapheme-splitter/-/grapheme-splitter-1.0.4.tgz",
      "integrity": "sha512-bzh50DW9kTPM00T8y4o8vQg89Di9oLJVLW/KaOGIXJWP/iqCN6WKYkbNOF04vFLJhwcpYUh9ydh/+5vpOqV4YQ=="
    },
    "node_modules/htm": {
      "version": "3.1.1",
      "resolved": "https://registry.npmjs.org/htm/-/htm-3.1.1.tgz",
      "integrity": "sha512-983Vyg8NwUE7JkZ6NmOqpCZ+sh1bKv2iYTlUkzlWmA5JD2acKoxd4KVxbMmxX/85mtfdnDmTFoNKcg5DGAvxNQ=="
    },
    "node_modules/idb": {
      "version": "8.0.0",
      "resolved": "https://registry.npmjs.org/idb/-/idb-8.0.0.tgz",
      "integrity": "sha512-l//qvlAKGmQO31Qn7xdzagVPPaHTxXx199MhrAFuVBTPqydcPYBWjkrbv4Y0ktB+GmWOiwHl237UUOrLmQxLvw=="
    },
    "node_modules/preact": {
      "version": "10.20.1",
      "resolved": "https://registry.npmjs.org/preact/-/preact-10.20.1.tgz",
      "integrity": "sha512-JIFjgFg9B2qnOoGiYMVBtrcFxHqn+dNXbq76bVmcaHYJFYR4lW67AOcXgAYQQTDYXDOg/kTZrKPNCdRgJ2UJmw==",
      "funding": {
        "type": "opencollective",
        "url": "https://opencollective.com/preact"
      }
    },
    "node_modules/webm-muxer": {
      "version": "4.0.1",
      "resolved": "https://registry.npmjs.org/webm-muxer/-/webm-muxer-4.0.1.tgz",
      "integrity": "sha512-qFMWhY9A+nYDGUIxoUT0EmZ2Z3Ls+5jP4zlEYPpppZRUHFFU70Hk2udfPxwdB4xiYnBDiDX8g1IfHXRsn0AwGw==",
      "dependencies": {
        "@types/dom-webcodecs": "^0.1.4",
        "@types/wicg-file-system-access": "^2020.9.5"
      }
    },
    "node_modules/wordnet": {
      "version": "2.0.0",
      "resolved": "https://registry.npmjs.org/wordnet/-/wordnet-2.0.0.tgz",
      "integrity": "sha512-VQOEUBHU6drwXGQx37bVaRqi042IZ8NwJiT9qLtM2x1QzqgIJIRoyZa++rWrUvICK+tYz9ttfYFk1c8IiN6DVQ==",
      "engines": {
        "node": ">= 0.10.0"
      }
    },
    "node_modules/zod": {
      "version": "3.23.8",
      "resolved": "https://registry.npmjs.org/zod/-/zod-3.23.8.tgz",
      "integrity": "sha512-XBx9AXhXktjUqnepgTiE5flcKIYWi/rme0Eaj+5Y0lftuGBq+jyRu/md4WnuxqgP1ubdpNCsYEYPxrzVHD8d6g==",
      "funding": {
        "url": "https://github.com/sponsors/colinhacks"
      }
    }
  }
}
