{
  "name": "swash",
  "lockfileVersion": 3,
  "requires": true,
  "packages": {
    "": {
      "devDependencies": {
        "htm": "^3.1.1",
        "idb": "^8.0.0",
        "preact": "^10.20.1"
      }
    },
    "node_modules/htm": {
      "version": "3.1.1",
      "resolved": "https://registry.npmjs.org/htm/-/htm-3.1.1.tgz",
      "integrity": "sha512-983Vyg8NwUE7JkZ6NmOqpCZ+sh1bKv2iYTlUkzlWmA5JD2acKoxd4KVxbMmxX/85mtfdnDmTFoNKcg5DGAvxNQ==",
      "dev": true
    },
    "node_modules/idb": {
      "version": "8.0.0",
      "resolved": "https://registry.npmjs.org/idb/-/idb-8.0.0.tgz",
      "integrity": "sha512-l//qvlAKGmQO31Qn7xdzagVPPaHTxXx199MhrAFuVBTPqydcPYBWjkrbv4Y0ktB+GmWOiwHl237UUOrLmQxLvw==",
      "dev": true
    },
    "node_modules/preact": {
      "version": "10.20.1",
      "resolved": "https://registry.npmjs.org/preact/-/preact-10.20.1.tgz",
      "integrity": "sha512-JIFjgFg9B2qnOoGiYMVBtrcFxHqn+dNXbq76bVmcaHYJFYR4lW67AOcXgAYQQTDYXDOg/kTZrKPNCdRgJ2UJmw==",
      "dev": true,
      "funding": {
        "type": "opencollective",
        "url": "https://opencollective.com/preact"
      }
    }
  }
}
