github.com/klauspost/compress v1.18.2 h1:iiPHWW0YrcFgpBYhsA6D1+fqHssJscY/Tm/y2Uqnapk=
github.com/klauspost/compress v1.18.2/go.mod h1:R0h/fSBs8DE4ENlcrlib3PsXS61voFxhIs2DeRhCvJ4=
github.com/tetratelabs/wazero v1.10.1 h1:2DugeJf6VVk58KTPszlNfeeN8AhhpwcZqkJj2wwFuH8=
github.com/tetratelabs/wazero v1.10.1/go.mod h1:DRm5twOQ5Gr1AoEdSi0CLjDQF1J9ZAuyqFIjl1KKfQU=
